
Microsoft Visual Studio Solution File, Format Version 12.00
# Visual Studio Version 17
VisualStudioVersion = 17.13.35825.156 d17.13
MinimumVisualStudioVersion = 10.0.40219.1
Project("{FAE04EC0-301F-11D3-BF4B-00C04F79EFBC}") = "Prisoner'sDilemma", "Prisoner'sDilemma\Prisoner'sDilemma.csproj", "{94C81052-4816-405C-AC34-64E4D53C081F}"
EndProject
Global
	GlobalSection(SolutionConfigurationPlatforms) = preSolution
		Debug|Any CPU = Debug|Any CPU
		Release|Any CPU = Release|Any CPU
	EndGlobalSection
	GlobalSection(ProjectConfigurationPlatforms) = postSolution
		{94C81052-4816-405C-AC34-64E4D53C081F}.Debug|Any CPU.ActiveCfg = Debug|Any CPU
		{94C81052-4816-405C-AC34-64E4D53C081F}.Debug|Any CPU.Build.0 = Debug|Any CPU
		{94C81052-4816-405C-AC34-64E4D53C081F}.Release|Any CPU.ActiveCfg = Release|Any CPU
		{94C81052-4816-405C-AC34-64E4D53C081F}.Release|Any CPU.Build.0 = Release|Any CPU
	EndGlobalSection
	GlobalSection(SolutionProperties) = preSolution
		HideSolutionNode = FALSE
	EndGlobalSection
	GlobalSection(ExtensibilityGlobals) = postSolution
		SolutionGuid = {21A6A838-E461-4CC8-939B-5642928ACE14}
	EndGlobalSection
EndGlobal
